
Microsoft Visual Studio Solution File, Format Version 12.00
# Visual Studio Version 17
VisualStudioVersion = 17.11.35312.102
MinimumVisualStudioVersion = 10.0.40219.1
Project("{9A19103F-16F7-4668-BE54-9A1E7A4F7556}") = "CaseStudy", "CaseStudy\CaseStudy.csproj", "{A0D42FD8-EB32-4654-A06B-CBFC18AEECF5}"
EndProject
Project("{FAE04EC0-301F-11D3-BF4B-00C04F79EFBC}") = "CaseStudy.Tests", "CaseStudy.Tests\CaseStudy.Tests.csproj", "{D8613D92-6E14-4BE3-A836-FF197642B5E2}"
EndProject
Global
	GlobalSection(SolutionConfigurationPlatforms) = preSolution
		Debug|Any CPU = Debug|Any CPU
		Release|Any CPU = Release|Any CPU
	EndGlobalSection
	GlobalSection(ProjectConfigurationPlatforms) = postSolution
		{A0D42FD8-EB32-4654-A06B-CBFC18AEECF5}.Debug|Any CPU.ActiveCfg = Debug|Any CPU
		{A0D42FD8-EB32-4654-A06B-CBFC18AEECF5}.Debug|Any CPU.Build.0 = Debug|Any CPU
		{A0D42FD8-EB32-4654-A06B-CBFC18AEECF5}.Release|Any CPU.ActiveCfg = Release|Any CPU
		{A0D42FD8-EB32-4654-A06B-CBFC18AEECF5}.Release|Any CPU.Build.0 = Release|Any CPU
		{D8613D92-6E14-4BE3-A836-FF197642B5E2}.Debug|Any CPU.ActiveCfg = Debug|Any CPU
		{D8613D92-6E14-4BE3-A836-FF197642B5E2}.Debug|Any CPU.Build.0 = Debug|Any CPU
		{D8613D92-6E14-4BE3-A836-FF197642B5E2}.Release|Any CPU.ActiveCfg = Release|Any CPU
		{D8613D92-6E14-4BE3-A836-FF197642B5E2}.Release|Any CPU.Build.0 = Release|Any CPU
	EndGlobalSection
	GlobalSection(SolutionProperties) = preSolution
		HideSolutionNode = FALSE
	EndGlobalSection
	GlobalSection(ExtensibilityGlobals) = postSolution
		SolutionGuid = {BB9D5232-2121-4740-85AB-0AD4526151EE}
	EndGlobalSection
EndGlobal
